
Microsoft Visual Studio Solution File, Format Version 12.00
# Visual Studio Version 17
VisualStudioVersion = 17.5.002.0
MinimumVisualStudioVersion = 10.0.40219.1
Project("{9A19103F-16F7-4668-BE54-9A1E7A4F7556}") = "TicTacToeBlazor", "TicTacToeBlazor.csproj", "{C4E6803E-42EE-4A41-B01E-FAD11B225C5B}"
EndProject
Global
	GlobalSection(SolutionConfigurationPlatforms) = preSolution
		Debug|Any CPU = Debug|Any CPU
		Release|Any CPU = Release|Any CPU
	EndGlobalSection
	GlobalSection(ProjectConfigurationPlatforms) = postSolution
		{C4E6803E-42EE-4A41-B01E-FAD11B225C5B}.Debug|Any CPU.ActiveCfg = Debug|Any CPU
		{C4E6803E-42EE-4A41-B01E-FAD11B225C5B}.Debug|Any CPU.Build.0 = Debug|Any CPU
		{C4E6803E-42EE-4A41-B01E-FAD11B225C5B}.Release|Any CPU.ActiveCfg = Release|Any CPU
		{C4E6803E-42EE-4A41-B01E-FAD11B225C5B}.Release|Any CPU.Build.0 = Release|Any CPU
	EndGlobalSection
	GlobalSection(SolutionProperties) = preSolution
		HideSolutionNode = FALSE
	EndGlobalSection
	GlobalSection(ExtensibilityGlobals) = postSolution
		SolutionGuid = {E3AE8FE1-E2A9-4FDA-A140-AB577338C202}
	EndGlobalSection
EndGlobal
